
Microsoft Visual Studio Solution File, Format Version 12.00
# Visual Studio 2012
Project("{F184B08F-C81C-45F6-A57F-5ABD9991F28F}") = "AireInit", "AireInit\AireInit.vbproj", "{E05E0AE6-6717-409A-9CED-45754A02303A}"
EndProject
Project("{F184B08F-C81C-45F6-A57F-5ABD9991F28F}") = "Aire.Login", "Aire.Login\Aire.Login.vbproj", "{5FA81DFF-DA2D-485A-9130-B809831BB002}"
EndProject
Project("{F184B08F-C81C-45F6-A57F-5ABD9991F28F}") = "Aire.CredentialManager", "Aire.CredentialManager\Aire.CredentialManager.vbproj", "{A3392A41-2DEF-491E-A12D-604FE6504E54}"
EndProject
Project("{F184B08F-C81C-45F6-A57F-5ABD9991F28F}") = "Aire.Desktop", "Aire.Desktop\Aire.Desktop.vbproj", "{C6F2B1CF-9393-41CD-A455-525522ACC0DC}"
EndProject
Project("{2150E333-8FDC-42A3-9474-1A3956D46DE8}") = "Applications", "Applications", "{8B924872-5F71-47E7-B152-D2B77BCE2499}"
EndProject
Project("{F184B08F-C81C-45F6-A57F-5ABD9991F28F}") = "Calculator", "Calculator\Calculator.vbproj", "{3AB703AD-AEDD-43D9-B16D-D4CB225CA8FB}"
EndProject
Project("{F184B08F-C81C-45F6-A57F-5ABD9991F28F}") = "Notepad", "Notepad\Notepad.vbproj", "{BAB71C5E-AE09-4E14-8016-5D70E7EF699A}"
EndProject
Project("{F184B08F-C81C-45F6-A57F-5ABD9991F28F}") = "Weather", "Add Weather\Weather.vbproj", "{70F275A9-BC68-4D39-AA44-5E02984C24E6}"
EndProject
Project("{F184B08F-C81C-45F6-A57F-5ABD9991F28F}") = "Photos", "Photos\Photos.vbproj", "{BBD1F63F-DF44-4838-9BF2-952FE6CFAEF8}"
EndProject
Project("{F184B08F-C81C-45F6-A57F-5ABD9991F28F}") = "Music", "Music\Music.vbproj", "{FFBC9F2F-30C8-4E0D-94FD-2687147E0867}"
EndProject
Project("{2150E333-8FDC-42A3-9474-1A3956D46DE8}") = "System Applications", "System Applications", "{70D43CA8-C6F9-4F71-998D-357C224FC7FA}"
EndProject
Project("{F184B08F-C81C-45F6-A57F-5ABD9991F28F}") = "FileBrowser", "FileBrowser\FileBrowser.vbproj", "{C9D402AC-4981-4913-9983-D558C23ABB05}"
EndProject
Project("{F184B08F-C81C-45F6-A57F-5ABD9991F28F}") = "Terminal", "Terminal\Terminal.vbproj", "{94167E97-2861-47D2-9ECD-0756CA68CE6C}"
EndProject
Project("{F184B08F-C81C-45F6-A57F-5ABD9991F28F}") = "ProcessManager", "ProcessManager\ProcessManager.vbproj", "{FEFE8A44-D3B1-4DD5-B650-B81148F1B49D}"
EndProject
Project("{F184B08F-C81C-45F6-A57F-5ABD9991F28F}") = "Settings", "Settings\Settings.vbproj", "{A26400ED-C40D-430C-80E8-69C28393311B}"
EndProject
Project("{2150E333-8FDC-42A3-9474-1A3956D46DE8}") = "System", "System", "{3402DB17-1F36-4EFF-9B85-08714B3D2D0F}"
EndProject
Project("{2150E333-8FDC-42A3-9474-1A3956D46DE8}") = "Libraries", "Libraries", "{E3C8391C-4D26-41B7-A7EE-2BDC71B7BBE3}"
EndProject
Project("{2150E333-8FDC-42A3-9474-1A3956D46DE8}") = "Dialogs", "Dialogs", "{4A345CEF-35E3-4970-8A0D-8BE261DB44FD}"
EndProject
Project("{2150E333-8FDC-42A3-9474-1A3956D46DE8}") = "Desktop", "Desktop", "{F82DBE34-5E12-4E2D-87D5-9F2D1603F8DC}"
EndProject
Project("{F184B08F-C81C-45F6-A57F-5ABD9991F28F}") = "Help", "Help\Help.vbproj", "{DB5DFCD2-DFB4-4571-B8F5-46199DC633DD}"
EndProject
Project("{F184B08F-C81C-45F6-A57F-5ABD9991F28F}") = "Aire.API", "Aire.API\Aire.API.vbproj", "{8B285AED-9205-4CEE-8955-C9C3C73408B9}"
EndProject
Project("{F184B08F-C81C-45F6-A57F-5ABD9991F28F}") = "Notifications", "Notifications\Notifications.vbproj", "{A2837274-74A0-4330-9CCE-258436D0269A}"
EndProject
Project("{F184B08F-C81C-45F6-A57F-5ABD9991F28F}") = "Aire.DataManager", "Aire.DataManager\Aire.DataManager.vbproj", "{E0CC3D59-2EF1-4459-9FCE-02A3CCEBA7B1}"
EndProject
Project("{F184B08F-C81C-45F6-A57F-5ABD9991F28F}") = "Aire.Security", "Aire.Security\Aire.Security.vbproj", "{D1931C58-F5B4-467F-8B45-83DD530FD61A}"
EndProject
Project("{F184B08F-C81C-45F6-A57F-5ABD9991F28F}") = "Archiver", "Archiver\Archiver.vbproj", "{9D047C3F-A219-4F3C-9215-272C2A2A1CCA}"
EndProject
Project("{F184B08F-C81C-45F6-A57F-5ABD9991F28F}") = "BackupManager", "BackupManager\BackupManager.vbproj", "{32C62E98-E7F0-4FF7-9C5A-C630B12AD883}"
EndProject
Project("{F184B08F-C81C-45F6-A57F-5ABD9991F28F}") = "Updates", "Updates\Updates.vbproj", "{65785AD6-6B50-4E9C-900F-202C7376B6C1}"
EndProject
Project("{F184B08F-C81C-45F6-A57F-5ABD9991F28F}") = "Scheduler", "Scheduler\Scheduler.vbproj", "{1652E306-C09C-4B01-8D9D-8CB2C4BBD6EF}"
EndProject
Project("{F184B08F-C81C-45F6-A57F-5ABD9991F28F}") = "Timer", "Timer\Timer.vbproj", "{DC8934AB-3681-440C-9310-10281DC42EC8}"
EndProject
Project("{F184B08F-C81C-45F6-A57F-5ABD9991F28F}") = "Aire.NotificationManager", "Aire.NotificationManager\Aire.NotificationManager.vbproj", "{B7855045-CCE9-41B2-AC97-0BDD8B55CE83}"
EndProject
Project("{F184B08F-C81C-45F6-A57F-5ABD9991F28F}") = "Videos", "Videos\Videos.vbproj", "{50579610-3E8F-4BCB-BC2E-B3FAFECA5EFF}"
EndProject
Project("{F184B08F-C81C-45F6-A57F-5ABD9991F28F}") = "Downloader", "Downloader\Downloader.vbproj", "{BAE9B950-8BF4-426A-9244-AC5E8014F7B0}"
EndProject
Project("{F184B08F-C81C-45F6-A57F-5ABD9991F28F}") = "Logger", "Logger\Logger.vbproj", "{29F7FCEB-F911-44EA-B9F6-145CDFCC7A99}"
EndProject
Global
	GlobalSection(SolutionConfigurationPlatforms) = preSolution
		Debug|Any CPU = Debug|Any CPU
		Debug|x64 = Debug|x64
		Release|Any CPU = Release|Any CPU
		Release|x64 = Release|x64
	EndGlobalSection
	GlobalSection(ProjectConfigurationPlatforms) = postSolution
		{E05E0AE6-6717-409A-9CED-45754A02303A}.Debug|Any CPU.ActiveCfg = Debug|Any CPU
		{E05E0AE6-6717-409A-9CED-45754A02303A}.Debug|Any CPU.Build.0 = Debug|Any CPU
		{E05E0AE6-6717-409A-9CED-45754A02303A}.Debug|x64.ActiveCfg = Debug|x64
		{E05E0AE6-6717-409A-9CED-45754A02303A}.Debug|x64.Build.0 = Debug|x64
		{E05E0AE6-6717-409A-9CED-45754A02303A}.Release|Any CPU.ActiveCfg = Release|Any CPU
		{E05E0AE6-6717-409A-9CED-45754A02303A}.Release|Any CPU.Build.0 = Release|Any CPU
		{E05E0AE6-6717-409A-9CED-45754A02303A}.Release|x64.ActiveCfg = Release|x64
		{E05E0AE6-6717-409A-9CED-45754A02303A}.Release|x64.Build.0 = Release|x64
		{5FA81DFF-DA2D-485A-9130-B809831BB002}.Debug|Any CPU.ActiveCfg = Debug|Any CPU
		{5FA81DFF-DA2D-485A-9130-B809831BB002}.Debug|Any CPU.Build.0 = Debug|Any CPU
		{5FA81DFF-DA2D-485A-9130-B809831BB002}.Debug|x64.ActiveCfg = Debug|x64
		{5FA81DFF-DA2D-485A-9130-B809831BB002}.Debug|x64.Build.0 = Debug|x64
		{5FA81DFF-DA2D-485A-9130-B809831BB002}.Release|Any CPU.ActiveCfg = Release|Any CPU
		{5FA81DFF-DA2D-485A-9130-B809831BB002}.Release|Any CPU.Build.0 = Release|Any CPU
		{5FA81DFF-DA2D-485A-9130-B809831BB002}.Release|x64.ActiveCfg = Release|x64
		{5FA81DFF-DA2D-485A-9130-B809831BB002}.Release|x64.Build.0 = Release|x64
		{A3392A41-2DEF-491E-A12D-604FE6504E54}.Debug|Any CPU.ActiveCfg = Debug|Any CPU
		{A3392A41-2DEF-491E-A12D-604FE6504E54}.Debug|Any CPU.Build.0 = Debug|Any CPU
		{A3392A41-2DEF-491E-A12D-604FE6504E54}.Debug|x64.ActiveCfg = Debug|x64
		{A3392A41-2DEF-491E-A12D-604FE6504E54}.Debug|x64.Build.0 = Debug|x64
		{A3392A41-2DEF-491E-A12D-604FE6504E54}.Release|Any CPU.ActiveCfg = Release|Any CPU
		{A3392A41-2DEF-491E-A12D-604FE6504E54}.Release|Any CPU.Build.0 = Release|Any CPU
		{A3392A41-2DEF-491E-A12D-604FE6504E54}.Release|x64.ActiveCfg = Release|x64
		{A3392A41-2DEF-491E-A12D-604FE6504E54}.Release|x64.Build.0 = Release|x64
		{C6F2B1CF-9393-41CD-A455-525522ACC0DC}.Debug|Any CPU.ActiveCfg = Debug|Any CPU
		{C6F2B1CF-9393-41CD-A455-525522ACC0DC}.Debug|Any CPU.Build.0 = Debug|Any CPU
		{C6F2B1CF-9393-41CD-A455-525522ACC0DC}.Debug|x64.ActiveCfg = Debug|x64
		{C6F2B1CF-9393-41CD-A455-525522ACC0DC}.Debug|x64.Build.0 = Debug|x64
		{C6F2B1CF-9393-41CD-A455-525522ACC0DC}.Release|Any CPU.ActiveCfg = Release|Any CPU
		{C6F2B1CF-9393-41CD-A455-525522ACC0DC}.Release|Any CPU.Build.0 = Release|Any CPU
		{C6F2B1CF-9393-41CD-A455-525522ACC0DC}.Release|x64.ActiveCfg = Release|x64
		{C6F2B1CF-9393-41CD-A455-525522ACC0DC}.Release|x64.Build.0 = Release|x64
		{3AB703AD-AEDD-43D9-B16D-D4CB225CA8FB}.Debug|Any CPU.ActiveCfg = Debug|Any CPU
		{3AB703AD-AEDD-43D9-B16D-D4CB225CA8FB}.Debug|Any CPU.Build.0 = Debug|Any CPU
		{3AB703AD-AEDD-43D9-B16D-D4CB225CA8FB}.Debug|x64.ActiveCfg = Debug|x64
		{3AB703AD-AEDD-43D9-B16D-D4CB225CA8FB}.Debug|x64.Build.0 = Debug|x64
		{3AB703AD-AEDD-43D9-B16D-D4CB225CA8FB}.Release|Any CPU.ActiveCfg = Release|Any CPU
		{3AB703AD-AEDD-43D9-B16D-D4CB225CA8FB}.Release|Any CPU.Build.0 = Release|Any CPU
		{3AB703AD-AEDD-43D9-B16D-D4CB225CA8FB}.Release|x64.ActiveCfg = Release|x64
		{3AB703AD-AEDD-43D9-B16D-D4CB225CA8FB}.Release|x64.Build.0 = Release|x64
		{BAB71C5E-AE09-4E14-8016-5D70E7EF699A}.Debug|Any CPU.ActiveCfg = Debug|Any CPU
		{BAB71C5E-AE09-4E14-8016-5D70E7EF699A}.Debug|Any CPU.Build.0 = Debug|Any CPU
		{BAB71C5E-AE09-4E14-8016-5D70E7EF699A}.Debug|x64.ActiveCfg = Debug|x64
		{BAB71C5E-AE09-4E14-8016-5D70E7EF699A}.Debug|x64.Build.0 = Debug|x64
		{BAB71C5E-AE09-4E14-8016-5D70E7EF699A}.Release|Any CPU.ActiveCfg = Release|Any CPU
		{BAB71C5E-AE09-4E14-8016-5D70E7EF699A}.Release|Any CPU.Build.0 = Release|Any CPU
		{BAB71C5E-AE09-4E14-8016-5D70E7EF699A}.Release|x64.ActiveCfg = Release|x64
		{BAB71C5E-AE09-4E14-8016-5D70E7EF699A}.Release|x64.Build.0 = Release|x64
		{70F275A9-BC68-4D39-AA44-5E02984C24E6}.Debug|Any CPU.ActiveCfg = Debug|Any CPU
		{70F275A9-BC68-4D39-AA44-5E02984C24E6}.Debug|Any CPU.Build.0 = Debug|Any CPU
		{70F275A9-BC68-4D39-AA44-5E02984C24E6}.Debug|x64.ActiveCfg = Debug|x64
		{70F275A9-BC68-4D39-AA44-5E02984C24E6}.Debug|x64.Build.0 = Debug|x64
		{70F275A9-BC68-4D39-AA44-5E02984C24E6}.Release|Any CPU.ActiveCfg = Release|Any CPU
		{70F275A9-BC68-4D39-AA44-5E02984C24E6}.Release|Any CPU.Build.0 = Release|Any CPU
		{70F275A9-BC68-4D39-AA44-5E02984C24E6}.Release|x64.ActiveCfg = Release|x64
		{70F275A9-BC68-4D39-AA44-5E02984C24E6}.Release|x64.Build.0 = Release|x64
		{BBD1F63F-DF44-4838-9BF2-952FE6CFAEF8}.Debug|Any CPU.ActiveCfg = Debug|Any CPU
		{BBD1F63F-DF44-4838-9BF2-952FE6CFAEF8}.Debug|Any CPU.Build.0 = Debug|Any CPU
		{BBD1F63F-DF44-4838-9BF2-952FE6CFAEF8}.Debug|x64.ActiveCfg = Debug|x64
		{BBD1F63F-DF44-4838-9BF2-952FE6CFAEF8}.Debug|x64.Build.0 = Debug|x64
		{BBD1F63F-DF44-4838-9BF2-952FE6CFAEF8}.Release|Any CPU.ActiveCfg = Release|Any CPU
		{BBD1F63F-DF44-4838-9BF2-952FE6CFAEF8}.Release|Any CPU.Build.0 = Release|Any CPU
		{BBD1F63F-DF44-4838-9BF2-952FE6CFAEF8}.Release|x64.ActiveCfg = Release|x64
		{BBD1F63F-DF44-4838-9BF2-952FE6CFAEF8}.Release|x64.Build.0 = Release|x64
		{FFBC9F2F-30C8-4E0D-94FD-2687147E0867}.Debug|Any CPU.ActiveCfg = Debug|Any CPU
		{FFBC9F2F-30C8-4E0D-94FD-2687147E0867}.Debug|Any CPU.Build.0 = Debug|Any CPU
		{FFBC9F2F-30C8-4E0D-94FD-2687147E0867}.Debug|x64.ActiveCfg = Debug|x64
		{FFBC9F2F-30C8-4E0D-94FD-2687147E0867}.Debug|x64.Build.0 = Debug|x64
		{FFBC9F2F-30C8-4E0D-94FD-2687147E0867}.Release|Any CPU.ActiveCfg = Release|Any CPU
		{FFBC9F2F-30C8-4E0D-94FD-2687147E0867}.Release|Any CPU.Build.0 = Release|Any CPU
		{FFBC9F2F-30C8-4E0D-94FD-2687147E0867}.Release|x64.ActiveCfg = Release|x64
		{FFBC9F2F-30C8-4E0D-94FD-2687147E0867}.Release|x64.Build.0 = Release|x64
		{C9D402AC-4981-4913-9983-D558C23ABB05}.Debug|Any CPU.ActiveCfg = Debug|Any CPU
		{C9D402AC-4981-4913-9983-D558C23ABB05}.Debug|Any CPU.Build.0 = Debug|Any CPU
		{C9D402AC-4981-4913-9983-D558C23ABB05}.Debug|x64.ActiveCfg = Debug|x64
		{C9D402AC-4981-4913-9983-D558C23ABB05}.Debug|x64.Build.0 = Debug|x64
		{C9D402AC-4981-4913-9983-D558C23ABB05}.Release|Any CPU.ActiveCfg = Release|Any CPU
		{C9D402AC-4981-4913-9983-D558C23ABB05}.Release|Any CPU.Build.0 = Release|Any CPU
		{C9D402AC-4981-4913-9983-D558C23ABB05}.Release|x64.ActiveCfg = Release|x64
		{C9D402AC-4981-4913-9983-D558C23ABB05}.Release|x64.Build.0 = Release|x64
		{94167E97-2861-47D2-9ECD-0756CA68CE6C}.Debug|Any CPU.ActiveCfg = Debug|Any CPU
		{94167E97-2861-47D2-9ECD-0756CA68CE6C}.Debug|Any CPU.Build.0 = Debug|Any CPU
		{94167E97-2861-47D2-9ECD-0756CA68CE6C}.Debug|x64.ActiveCfg = Debug|x64
		{94167E97-2861-47D2-9ECD-0756CA68CE6C}.Debug|x64.Build.0 = Debug|x64
		{94167E97-2861-47D2-9ECD-0756CA68CE6C}.Release|Any CPU.ActiveCfg = Release|Any CPU
		{94167E97-2861-47D2-9ECD-0756CA68CE6C}.Release|Any CPU.Build.0 = Release|Any CPU
		{94167E97-2861-47D2-9ECD-0756CA68CE6C}.Release|x64.ActiveCfg = Release|x64
		{94167E97-2861-47D2-9ECD-0756CA68CE6C}.Release|x64.Build.0 = Release|x64
		{FEFE8A44-D3B1-4DD5-B650-B81148F1B49D}.Debug|Any CPU.ActiveCfg = Debug|Any CPU
		{FEFE8A44-D3B1-4DD5-B650-B81148F1B49D}.Debug|Any CPU.Build.0 = Debug|Any CPU
		{FEFE8A44-D3B1-4DD5-B650-B81148F1B49D}.Debug|x64.ActiveCfg = Debug|x64
		{FEFE8A44-D3B1-4DD5-B650-B81148F1B49D}.Debug|x64.Build.0 = Debug|x64
		{FEFE8A44-D3B1-4DD5-B650-B81148F1B49D}.Release|Any CPU.ActiveCfg = Release|Any CPU
		{FEFE8A44-D3B1-4DD5-B650-B81148F1B49D}.Release|Any CPU.Build.0 = Release|Any CPU
		{FEFE8A44-D3B1-4DD5-B650-B81148F1B49D}.Release|x64.ActiveCfg = Release|x64
		{FEFE8A44-D3B1-4DD5-B650-B81148F1B49D}.Release|x64.Build.0 = Release|x64
		{A26400ED-C40D-430C-80E8-69C28393311B}.Debug|Any CPU.ActiveCfg = Debug|Any CPU
		{A26400ED-C40D-430C-80E8-69C28393311B}.Debug|Any CPU.Build.0 = Debug|Any CPU
		{A26400ED-C40D-430C-80E8-69C28393311B}.Debug|x64.ActiveCfg = Debug|x64
		{A26400ED-C40D-430C-80E8-69C28393311B}.Debug|x64.Build.0 = Debug|x64
		{A26400ED-C40D-430C-80E8-69C28393311B}.Release|Any CPU.ActiveCfg = Release|Any CPU
		{A26400ED-C40D-430C-80E8-69C28393311B}.Release|Any CPU.Build.0 = Release|Any CPU
		{A26400ED-C40D-430C-80E8-69C28393311B}.Release|x64.ActiveCfg = Release|x64
		{A26400ED-C40D-430C-80E8-69C28393311B}.Release|x64.Build.0 = Release|x64
		{DB5DFCD2-DFB4-4571-B8F5-46199DC633DD}.Debug|Any CPU.ActiveCfg = Debug|Any CPU
		{DB5DFCD2-DFB4-4571-B8F5-46199DC633DD}.Debug|Any CPU.Build.0 = Debug|Any CPU
		{DB5DFCD2-DFB4-4571-B8F5-46199DC633DD}.Debug|x64.ActiveCfg = Debug|x64
		{DB5DFCD2-DFB4-4571-B8F5-46199DC633DD}.Debug|x64.Build.0 = Debug|x64
		{DB5DFCD2-DFB4-4571-B8F5-46199DC633DD}.Release|Any CPU.ActiveCfg = Release|Any CPU
		{DB5DFCD2-DFB4-4571-B8F5-46199DC633DD}.Release|Any CPU.Build.0 = Release|Any CPU
		{DB5DFCD2-DFB4-4571-B8F5-46199DC633DD}.Release|x64.ActiveCfg = Release|x64
		{DB5DFCD2-DFB4-4571-B8F5-46199DC633DD}.Release|x64.Build.0 = Release|x64
		{8B285AED-9205-4CEE-8955-C9C3C73408B9}.Debug|Any CPU.ActiveCfg = Debug|Any CPU
		{8B285AED-9205-4CEE-8955-C9C3C73408B9}.Debug|Any CPU.Build.0 = Debug|Any CPU
		{8B285AED-9205-4CEE-8955-C9C3C73408B9}.Debug|x64.ActiveCfg = Debug|x64
		{8B285AED-9205-4CEE-8955-C9C3C73408B9}.Debug|x64.Build.0 = Debug|x64
		{8B285AED-9205-4CEE-8955-C9C3C73408B9}.Release|Any CPU.ActiveCfg = Release|Any CPU
		{8B285AED-9205-4CEE-8955-C9C3C73408B9}.Release|Any CPU.Build.0 = Release|Any CPU
		{8B285AED-9205-4CEE-8955-C9C3C73408B9}.Release|x64.ActiveCfg = Release|x64
		{8B285AED-9205-4CEE-8955-C9C3C73408B9}.Release|x64.Build.0 = Release|x64
		{A2837274-74A0-4330-9CCE-258436D0269A}.Debug|Any CPU.ActiveCfg = Debug|Any CPU
		{A2837274-74A0-4330-9CCE-258436D0269A}.Debug|Any CPU.Build.0 = Debug|Any CPU
		{A2837274-74A0-4330-9CCE-258436D0269A}.Debug|x64.ActiveCfg = Debug|x64
		{A2837274-74A0-4330-9CCE-258436D0269A}.Debug|x64.Build.0 = Debug|x64
		{A2837274-74A0-4330-9CCE-258436D0269A}.Release|Any CPU.ActiveCfg = Release|Any CPU
		{A2837274-74A0-4330-9CCE-258436D0269A}.Release|Any CPU.Build.0 = Release|Any CPU
		{A2837274-74A0-4330-9CCE-258436D0269A}.Release|x64.ActiveCfg = Release|x64
		{A2837274-74A0-4330-9CCE-258436D0269A}.Release|x64.Build.0 = Release|x64
		{E0CC3D59-2EF1-4459-9FCE-02A3CCEBA7B1}.Debug|Any CPU.ActiveCfg = Debug|Any CPU
		{E0CC3D59-2EF1-4459-9FCE-02A3CCEBA7B1}.Debug|Any CPU.Build.0 = Debug|Any CPU
		{E0CC3D59-2EF1-4459-9FCE-02A3CCEBA7B1}.Debug|x64.ActiveCfg = Debug|x64
		{E0CC3D59-2EF1-4459-9FCE-02A3CCEBA7B1}.Debug|x64.Build.0 = Debug|x64
		{E0CC3D59-2EF1-4459-9FCE-02A3CCEBA7B1}.Release|Any CPU.ActiveCfg = Release|Any CPU
		{E0CC3D59-2EF1-4459-9FCE-02A3CCEBA7B1}.Release|Any CPU.Build.0 = Release|Any CPU
		{E0CC3D59-2EF1-4459-9FCE-02A3CCEBA7B1}.Release|x64.ActiveCfg = Release|x64
		{E0CC3D59-2EF1-4459-9FCE-02A3CCEBA7B1}.Release|x64.Build.0 = Release|x64
		{D1931C58-F5B4-467F-8B45-83DD530FD61A}.Debug|Any CPU.ActiveCfg = Debug|Any CPU
		{D1931C58-F5B4-467F-8B45-83DD530FD61A}.Debug|Any CPU.Build.0 = Debug|Any CPU
		{D1931C58-F5B4-467F-8B45-83DD530FD61A}.Debug|x64.ActiveCfg = Debug|x64
		{D1931C58-F5B4-467F-8B45-83DD530FD61A}.Debug|x64.Build.0 = Debug|x64
		{D1931C58-F5B4-467F-8B45-83DD530FD61A}.Release|Any CPU.ActiveCfg = Release|Any CPU
		{D1931C58-F5B4-467F-8B45-83DD530FD61A}.Release|Any CPU.Build.0 = Release|Any CPU
		{D1931C58-F5B4-467F-8B45-83DD530FD61A}.Release|x64.ActiveCfg = Release|x64
		{D1931C58-F5B4-467F-8B45-83DD530FD61A}.Release|x64.Build.0 = Release|x64
		{9D047C3F-A219-4F3C-9215-272C2A2A1CCA}.Debug|Any CPU.ActiveCfg = Debug|Any CPU
		{9D047C3F-A219-4F3C-9215-272C2A2A1CCA}.Debug|Any CPU.Build.0 = Debug|Any CPU
		{9D047C3F-A219-4F3C-9215-272C2A2A1CCA}.Debug|x64.ActiveCfg = Debug|x64
		{9D047C3F-A219-4F3C-9215-272C2A2A1CCA}.Debug|x64.Build.0 = Debug|x64
		{9D047C3F-A219-4F3C-9215-272C2A2A1CCA}.Release|Any CPU.ActiveCfg = Release|Any CPU
		{9D047C3F-A219-4F3C-9215-272C2A2A1CCA}.Release|Any CPU.Build.0 = Release|Any CPU
		{9D047C3F-A219-4F3C-9215-272C2A2A1CCA}.Release|x64.ActiveCfg = Release|x64
		{9D047C3F-A219-4F3C-9215-272C2A2A1CCA}.Release|x64.Build.0 = Release|x64
		{32C62E98-E7F0-4FF7-9C5A-C630B12AD883}.Debug|Any CPU.ActiveCfg = Debug|Any CPU
		{32C62E98-E7F0-4FF7-9C5A-C630B12AD883}.Debug|Any CPU.Build.0 = Debug|Any CPU
		{32C62E98-E7F0-4FF7-9C5A-C630B12AD883}.Debug|x64.ActiveCfg = Debug|x64
		{32C62E98-E7F0-4FF7-9C5A-C630B12AD883}.Debug|x64.Build.0 = Debug|x64
		{32C62E98-E7F0-4FF7-9C5A-C630B12AD883}.Release|Any CPU.ActiveCfg = Release|Any CPU
		{32C62E98-E7F0-4FF7-9C5A-C630B12AD883}.Release|Any CPU.Build.0 = Release|Any CPU
		{32C62E98-E7F0-4FF7-9C5A-C630B12AD883}.Release|x64.ActiveCfg = Release|x64
		{32C62E98-E7F0-4FF7-9C5A-C630B12AD883}.Release|x64.Build.0 = Release|x64
		{65785AD6-6B50-4E9C-900F-202C7376B6C1}.Debug|Any CPU.ActiveCfg = Debug|Any CPU
		{65785AD6-6B50-4E9C-900F-202C7376B6C1}.Debug|Any CPU.Build.0 = Debug|Any CPU
		{65785AD6-6B50-4E9C-900F-202C7376B6C1}.Debug|x64.ActiveCfg = Debug|x64
		{65785AD6-6B50-4E9C-900F-202C7376B6C1}.Debug|x64.Build.0 = Debug|x64
		{65785AD6-6B50-4E9C-900F-202C7376B6C1}.Release|Any CPU.ActiveCfg = Release|Any CPU
		{65785AD6-6B50-4E9C-900F-202C7376B6C1}.Release|Any CPU.Build.0 = Release|Any CPU
		{65785AD6-6B50-4E9C-900F-202C7376B6C1}.Release|x64.ActiveCfg = Release|x64
		{65785AD6-6B50-4E9C-900F-202C7376B6C1}.Release|x64.Build.0 = Release|x64
		{1652E306-C09C-4B01-8D9D-8CB2C4BBD6EF}.Debug|Any CPU.ActiveCfg = Debug|Any CPU
		{1652E306-C09C-4B01-8D9D-8CB2C4BBD6EF}.Debug|Any CPU.Build.0 = Debug|Any CPU
		{1652E306-C09C-4B01-8D9D-8CB2C4BBD6EF}.Debug|x64.ActiveCfg = Debug|x64
		{1652E306-C09C-4B01-8D9D-8CB2C4BBD6EF}.Debug|x64.Build.0 = Debug|x64
		{1652E306-C09C-4B01-8D9D-8CB2C4BBD6EF}.Release|Any CPU.ActiveCfg = Release|Any CPU
		{1652E306-C09C-4B01-8D9D-8CB2C4BBD6EF}.Release|Any CPU.Build.0 = Release|Any CPU
		{1652E306-C09C-4B01-8D9D-8CB2C4BBD6EF}.Release|x64.ActiveCfg = Release|x64
		{1652E306-C09C-4B01-8D9D-8CB2C4BBD6EF}.Release|x64.Build.0 = Release|x64
		{DC8934AB-3681-440C-9310-10281DC42EC8}.Debug|Any CPU.ActiveCfg = Debug|Any CPU
		{DC8934AB-3681-440C-9310-10281DC42EC8}.Debug|Any CPU.Build.0 = Debug|Any CPU
		{DC8934AB-3681-440C-9310-10281DC42EC8}.Debug|x64.ActiveCfg = Debug|x64
		{DC8934AB-3681-440C-9310-10281DC42EC8}.Debug|x64.Build.0 = Debug|x64
		{DC8934AB-3681-440C-9310-10281DC42EC8}.Release|Any CPU.ActiveCfg = Release|Any CPU
		{DC8934AB-3681-440C-9310-10281DC42EC8}.Release|Any CPU.Build.0 = Release|Any CPU
		{DC8934AB-3681-440C-9310-10281DC42EC8}.Release|x64.ActiveCfg = Release|x64
		{DC8934AB-3681-440C-9310-10281DC42EC8}.Release|x64.Build.0 = Release|x64
		{B7855045-CCE9-41B2-AC97-0BDD8B55CE83}.Debug|Any CPU.ActiveCfg = Debug|Any CPU
		{B7855045-CCE9-41B2-AC97-0BDD8B55CE83}.Debug|Any CPU.Build.0 = Debug|Any CPU
		{B7855045-CCE9-41B2-AC97-0BDD8B55CE83}.Debug|x64.ActiveCfg = Debug|x64
		{B7855045-CCE9-41B2-AC97-0BDD8B55CE83}.Debug|x64.Build.0 = Debug|x64
		{B7855045-CCE9-41B2-AC97-0BDD8B55CE83}.Release|Any CPU.ActiveCfg = Release|Any CPU
		{B7855045-CCE9-41B2-AC97-0BDD8B55CE83}.Release|Any CPU.Build.0 = Release|Any CPU
		{B7855045-CCE9-41B2-AC97-0BDD8B55CE83}.Release|x64.ActiveCfg = Release|x64
		{B7855045-CCE9-41B2-AC97-0BDD8B55CE83}.Release|x64.Build.0 = Release|x64
		{50579610-3E8F-4BCB-BC2E-B3FAFECA5EFF}.Debug|Any CPU.ActiveCfg = Debug|Any CPU
		{50579610-3E8F-4BCB-BC2E-B3FAFECA5EFF}.Debug|Any CPU.Build.0 = Debug|Any CPU
		{50579610-3E8F-4BCB-BC2E-B3FAFECA5EFF}.Debug|x64.ActiveCfg = Debug|x64
		{50579610-3E8F-4BCB-BC2E-B3FAFECA5EFF}.Debug|x64.Build.0 = Debug|x64
		{50579610-3E8F-4BCB-BC2E-B3FAFECA5EFF}.Release|Any CPU.ActiveCfg = Release|Any CPU
		{50579610-3E8F-4BCB-BC2E-B3FAFECA5EFF}.Release|Any CPU.Build.0 = Release|Any CPU
		{50579610-3E8F-4BCB-BC2E-B3FAFECA5EFF}.Release|x64.ActiveCfg = Release|x64
		{50579610-3E8F-4BCB-BC2E-B3FAFECA5EFF}.Release|x64.Build.0 = Release|x64
		{BAE9B950-8BF4-426A-9244-AC5E8014F7B0}.Debug|Any CPU.ActiveCfg = Debug|Any CPU
		{BAE9B950-8BF4-426A-9244-AC5E8014F7B0}.Debug|Any CPU.Build.0 = Debug|Any CPU
		{BAE9B950-8BF4-426A-9244-AC5E8014F7B0}.Debug|x64.ActiveCfg = Debug|x64
		{BAE9B950-8BF4-426A-9244-AC5E8014F7B0}.Debug|x64.Build.0 = Debug|x64
		{BAE9B950-8BF4-426A-9244-AC5E8014F7B0}.Release|Any CPU.ActiveCfg = Release|Any CPU
		{BAE9B950-8BF4-426A-9244-AC5E8014F7B0}.Release|Any CPU.Build.0 = Release|Any CPU
		{BAE9B950-8BF4-426A-9244-AC5E8014F7B0}.Release|x64.ActiveCfg = Release|x64
		{BAE9B950-8BF4-426A-9244-AC5E8014F7B0}.Release|x64.Build.0 = Release|x64
		{29F7FCEB-F911-44EA-B9F6-145CDFCC7A99}.Debug|Any CPU.ActiveCfg = Debug|Any CPU
		{29F7FCEB-F911-44EA-B9F6-145CDFCC7A99}.Debug|Any CPU.Build.0 = Debug|Any CPU
		{29F7FCEB-F911-44EA-B9F6-145CDFCC7A99}.Debug|x64.ActiveCfg = Debug|x64
		{29F7FCEB-F911-44EA-B9F6-145CDFCC7A99}.Debug|x64.Build.0 = Debug|x64
		{29F7FCEB-F911-44EA-B9F6-145CDFCC7A99}.Release|Any CPU.ActiveCfg = Release|Any CPU
		{29F7FCEB-F911-44EA-B9F6-145CDFCC7A99}.Release|Any CPU.Build.0 = Release|Any CPU
		{29F7FCEB-F911-44EA-B9F6-145CDFCC7A99}.Release|x64.ActiveCfg = Release|x64
		{29F7FCEB-F911-44EA-B9F6-145CDFCC7A99}.Release|x64.Build.0 = Release|x64
	EndGlobalSection
	GlobalSection(SolutionProperties) = preSolution
		HideSolutionNode = FALSE
	EndGlobalSection
	GlobalSection(NestedProjects) = preSolution
		{F82DBE34-5E12-4E2D-87D5-9F2D1603F8DC} = {3402DB17-1F36-4EFF-9B85-08714B3D2D0F}
		{5FA81DFF-DA2D-485A-9130-B809831BB002} = {3402DB17-1F36-4EFF-9B85-08714B3D2D0F}
		{4A345CEF-35E3-4970-8A0D-8BE261DB44FD} = {3402DB17-1F36-4EFF-9B85-08714B3D2D0F}
		{A3392A41-2DEF-491E-A12D-604FE6504E54} = {E3C8391C-4D26-41B7-A7EE-2BDC71B7BBE3}
		{8B285AED-9205-4CEE-8955-C9C3C73408B9} = {E3C8391C-4D26-41B7-A7EE-2BDC71B7BBE3}
		{E0CC3D59-2EF1-4459-9FCE-02A3CCEBA7B1} = {E3C8391C-4D26-41B7-A7EE-2BDC71B7BBE3}
		{D1931C58-F5B4-467F-8B45-83DD530FD61A} = {E3C8391C-4D26-41B7-A7EE-2BDC71B7BBE3}
		{B7855045-CCE9-41B2-AC97-0BDD8B55CE83} = {E3C8391C-4D26-41B7-A7EE-2BDC71B7BBE3}
		{C6F2B1CF-9393-41CD-A455-525522ACC0DC} = {F82DBE34-5E12-4E2D-87D5-9F2D1603F8DC}
		{3AB703AD-AEDD-43D9-B16D-D4CB225CA8FB} = {8B924872-5F71-47E7-B152-D2B77BCE2499}
		{BAB71C5E-AE09-4E14-8016-5D70E7EF699A} = {8B924872-5F71-47E7-B152-D2B77BCE2499}
		{70F275A9-BC68-4D39-AA44-5E02984C24E6} = {8B924872-5F71-47E7-B152-D2B77BCE2499}
		{BBD1F63F-DF44-4838-9BF2-952FE6CFAEF8} = {8B924872-5F71-47E7-B152-D2B77BCE2499}
		{FFBC9F2F-30C8-4E0D-94FD-2687147E0867} = {8B924872-5F71-47E7-B152-D2B77BCE2499}
		{DB5DFCD2-DFB4-4571-B8F5-46199DC633DD} = {8B924872-5F71-47E7-B152-D2B77BCE2499}
		{9D047C3F-A219-4F3C-9215-272C2A2A1CCA} = {8B924872-5F71-47E7-B152-D2B77BCE2499}
		{32C62E98-E7F0-4FF7-9C5A-C630B12AD883} = {8B924872-5F71-47E7-B152-D2B77BCE2499}
		{1652E306-C09C-4B01-8D9D-8CB2C4BBD6EF} = {8B924872-5F71-47E7-B152-D2B77BCE2499}
		{DC8934AB-3681-440C-9310-10281DC42EC8} = {8B924872-5F71-47E7-B152-D2B77BCE2499}
		{50579610-3E8F-4BCB-BC2E-B3FAFECA5EFF} = {8B924872-5F71-47E7-B152-D2B77BCE2499}
		{BAE9B950-8BF4-426A-9244-AC5E8014F7B0} = {8B924872-5F71-47E7-B152-D2B77BCE2499}
		{C9D402AC-4981-4913-9983-D558C23ABB05} = {70D43CA8-C6F9-4F71-998D-357C224FC7FA}
		{94167E97-2861-47D2-9ECD-0756CA68CE6C} = {70D43CA8-C6F9-4F71-998D-357C224FC7FA}
		{FEFE8A44-D3B1-4DD5-B650-B81148F1B49D} = {70D43CA8-C6F9-4F71-998D-357C224FC7FA}
		{A26400ED-C40D-430C-80E8-69C28393311B} = {70D43CA8-C6F9-4F71-998D-357C224FC7FA}
		{A2837274-74A0-4330-9CCE-258436D0269A} = {70D43CA8-C6F9-4F71-998D-357C224FC7FA}
		{65785AD6-6B50-4E9C-900F-202C7376B6C1} = {70D43CA8-C6F9-4F71-998D-357C224FC7FA}
		{29F7FCEB-F911-44EA-B9F6-145CDFCC7A99} = {70D43CA8-C6F9-4F71-998D-357C224FC7FA}
	EndGlobalSection
EndGlobal
