
Microsoft Visual Studio Solution File, Format Version 12.00
# Visual Studio 2012
Project("{F184B08F-C81C-45F6-A57F-5ABD9991F28F}") = "AireOS", "AireOS\AireOS.vbproj", "{B51B9842-3946-4233-9A66-D091BAF70CCC}"
EndProject
Project("{F184B08F-C81C-45F6-A57F-5ABD9991F28F}") = "AireInit", "AireInit\AireInit.vbproj", "{E05E0AE6-6717-409A-9CED-45754A02303A}"
EndProject
Project("{F184B08F-C81C-45F6-A57F-5ABD9991F28F}") = "Aire.Login", "Aire.Login\Aire.Login.vbproj", "{5FA81DFF-DA2D-485A-9130-B809831BB002}"
EndProject
Project("{F184B08F-C81C-45F6-A57F-5ABD9991F28F}") = "Aire.CredentialManager", "Aire.CredentialManager\Aire.CredentialManager.vbproj", "{A3392A41-2DEF-491E-A12D-604FE6504E54}"
EndProject
Global
	GlobalSection(SolutionConfigurationPlatforms) = preSolution
		Debug|Any CPU = Debug|Any CPU
		Release|Any CPU = Release|Any CPU
	EndGlobalSection
	GlobalSection(ProjectConfigurationPlatforms) = postSolution
		{B51B9842-3946-4233-9A66-D091BAF70CCC}.Debug|Any CPU.ActiveCfg = Debug|Any CPU
		{B51B9842-3946-4233-9A66-D091BAF70CCC}.Debug|Any CPU.Build.0 = Debug|Any CPU
		{B51B9842-3946-4233-9A66-D091BAF70CCC}.Release|Any CPU.ActiveCfg = Release|Any CPU
		{B51B9842-3946-4233-9A66-D091BAF70CCC}.Release|Any CPU.Build.0 = Release|Any CPU
		{E05E0AE6-6717-409A-9CED-45754A02303A}.Debug|Any CPU.ActiveCfg = Debug|Any CPU
		{E05E0AE6-6717-409A-9CED-45754A02303A}.Debug|Any CPU.Build.0 = Debug|Any CPU
		{E05E0AE6-6717-409A-9CED-45754A02303A}.Release|Any CPU.ActiveCfg = Release|Any CPU
		{E05E0AE6-6717-409A-9CED-45754A02303A}.Release|Any CPU.Build.0 = Release|Any CPU
		{5FA81DFF-DA2D-485A-9130-B809831BB002}.Debug|Any CPU.ActiveCfg = Debug|Any CPU
		{5FA81DFF-DA2D-485A-9130-B809831BB002}.Debug|Any CPU.Build.0 = Debug|Any CPU
		{5FA81DFF-DA2D-485A-9130-B809831BB002}.Release|Any CPU.ActiveCfg = Release|Any CPU
		{5FA81DFF-DA2D-485A-9130-B809831BB002}.Release|Any CPU.Build.0 = Release|Any CPU
		{A3392A41-2DEF-491E-A12D-604FE6504E54}.Debug|Any CPU.ActiveCfg = Debug|Any CPU
		{A3392A41-2DEF-491E-A12D-604FE6504E54}.Debug|Any CPU.Build.0 = Debug|Any CPU
		{A3392A41-2DEF-491E-A12D-604FE6504E54}.Release|Any CPU.ActiveCfg = Release|Any CPU
		{A3392A41-2DEF-491E-A12D-604FE6504E54}.Release|Any CPU.Build.0 = Release|Any CPU
	EndGlobalSection
	GlobalSection(SolutionProperties) = preSolution
		HideSolutionNode = FALSE
	EndGlobalSection
EndGlobal
